
Microsoft Visual Studio Solution File, Format Version 12.00
# Visual Studio Version 17
VisualStudioVersion = 17.0.31903.59
MinimumVisualStudioVersion = 10.0.40219.1
Project("{FAE04EC0-301F-11D3-BF4B-00C04F79EFBC}") = "EmlakOfisi.UI", "EmlakOfisi.UI\EmlakOfisi.UI.csproj", "{5A32F484-B9FD-4C18-9248-A51417FA6990}"
EndProject
Project("{FAE04EC0-301F-11D3-BF4B-00C04F79EFBC}") = "EmlakOfisi.BL", "EmlakOfisi.BL\EmlakOfisi.BL.csproj", "{67884B6A-9233-4270-A3A6-532D16D38429}"
EndProject
Project("{FAE04EC0-301F-11D3-BF4B-00C04F79EFBC}") = "EmlakOfisi.DAL", "EmlakOfisi.DAL\EmlakOfisi.DAL.csproj", "{FACA214A-4273-47F5-BEE7-3040DDCAB268}"
EndProject
Global
	GlobalSection(SolutionConfigurationPlatforms) = preSolution
		Debug|Any CPU = Debug|Any CPU
		Release|Any CPU = Release|Any CPU
	EndGlobalSection
	GlobalSection(ProjectConfigurationPlatforms) = postSolution
		{5A32F484-B9FD-4C18-9248-A51417FA6990}.Debug|Any CPU.ActiveCfg = Debug|Any CPU
		{5A32F484-B9FD-4C18-9248-A51417FA6990}.Debug|Any CPU.Build.0 = Debug|Any CPU
		{5A32F484-B9FD-4C18-9248-A51417FA6990}.Release|Any CPU.ActiveCfg = Release|Any CPU
		{5A32F484-B9FD-4C18-9248-A51417FA6990}.Release|Any CPU.Build.0 = Release|Any CPU
		{67884B6A-9233-4270-A3A6-532D16D38429}.Debug|Any CPU.ActiveCfg = Debug|Any CPU
		{67884B6A-9233-4270-A3A6-532D16D38429}.Debug|Any CPU.Build.0 = Debug|Any CPU
		{67884B6A-9233-4270-A3A6-532D16D38429}.Release|Any CPU.ActiveCfg = Release|Any CPU
		{67884B6A-9233-4270-A3A6-532D16D38429}.Release|Any CPU.Build.0 = Release|Any CPU
		{FACA214A-4273-47F5-BEE7-3040DDCAB268}.Debug|Any CPU.ActiveCfg = Debug|Any CPU
		{FACA214A-4273-47F5-BEE7-3040DDCAB268}.Debug|Any CPU.Build.0 = Debug|Any CPU
		{FACA214A-4273-47F5-BEE7-3040DDCAB268}.Release|Any CPU.ActiveCfg = Release|Any CPU
		{FACA214A-4273-47F5-BEE7-3040DDCAB268}.Release|Any CPU.Build.0 = Release|Any CPU
	EndGlobalSection
	GlobalSection(SolutionProperties) = preSolution
		HideSolutionNode = FALSE
	EndGlobalSection
EndGlobal
